// !$*UTF8*$!
{
	archiveVersion = 1;
	classes = {
	};
	objectVersion = 50;
	objects = {

/* Begin PBXBuildFile section */
		860A6B3C268CAFDD00B54771 /* DayOfWeekView.swift in Sources */ = {isa = PBXBuildFile; fileRef = 860A6B3B268CAFDD00B54771 /* DayOfWeekView.swift */; };
		860A6B41268CB00A00B54771 /* BackgroundView.swift in Sources */ = {isa = PBXBuildFile; fileRef = 860A6B40268CB00A00B54771 /* BackgroundView.swift */; };
		860A6B44268CB02B00B54771 /* CityTextView.swift in Sources */ = {isa = PBXBuildFile; fileRef = 860A6B43268CB02A00B54771 /* CityTextView.swift */; };
		860A6B47268CB05200B54771 /* CurrentWeatherView.swift in Sources */ = {isa = PBXBuildFile; fileRef = 860A6B46268CB05200B54771 /* CurrentWeatherView.swift */; };
		860A6B4A268CB07100B54771 /* WeekWeatherView.swift in Sources */ = {isa = PBXBuildFile; fileRef = 860A6B49268CB07100B54771 /* WeekWeatherView.swift */; };
		860A6B4D268CB08900B54771 /* WeatherButton.swift in Sources */ = {isa = PBXBuildFile; fileRef = 860A6B4C268CB08900B54771 /* WeatherButton.swift */; };
		8665E63A268C8944002C6B7F /* SwiftUIWeatherDemoApp.swift in Sources */ = {isa = PBXBuildFile; fileRef = 8665E639268C8944002C6B7F /* SwiftUIWeatherDemoApp.swift */; };
		8665E63C268C8944002C6B7F /* ContentView.swift in Sources */ = {isa = PBXBuildFile; fileRef = 8665E63B268C8944002C6B7F /* ContentView.swift */; };
		8665E63E268C8945002C6B7F /* Assets.xcassets in Resources */ = {isa = PBXBuildFile; fileRef = 8665E63D268C8945002C6B7F /* Assets.xcassets */; };
		8665E641268C8945002C6B7F /* Preview Assets.xcassets in Resources */ = {isa = PBXBuildFile; fileRef = 8665E640268C8945002C6B7F /* Preview Assets.xcassets */; };
/* End PBXBuildFile section */

/* Begin PBXFileReference section */
		860A6B3B268CAFDD00B54771 /* DayOfWeekView.swift */ = {isa = PBXFileReference; lastKnownFileType = sourcecode.swift; path = DayOfWeekView.swift; sourceTree = "<group>"; };
		860A6B40268CB00A00B54771 /* BackgroundView.swift */ = {isa = PBXFileReference; lastKnownFileType = sourcecode.swift; path = BackgroundView.swift; sourceTree = "<group>"; };
		860A6B43268CB02A00B54771 /* CityTextView.swift */ = {isa = PBXFileReference; lastKnownFileType = sourcecode.swift; path = CityTextView.swift; sourceTree = "<group>"; };
		860A6B46268CB05200B54771 /* CurrentWeatherView.swift */ = {isa = PBXFileReference; lastKnownFileType = sourcecode.swift; path = CurrentWeatherView.swift; sourceTree = "<group>"; };
		860A6B49268CB07100B54771 /* WeekWeatherView.swift */ = {isa = PBXFileReference; lastKnownFileType = sourcecode.swift; path = WeekWeatherView.swift; sourceTree = "<group>"; };
		860A6B4C268CB08900B54771 /* WeatherButton.swift */ = {isa = PBXFileReference; lastKnownFileType = sourcecode.swift; path = WeatherButton.swift; sourceTree = "<group>"; };
		8665E636268C8944002C6B7F /* SwiftUIWeatherDemo.app */ = {isa = PBXFileReference; explicitFileType = wrapper.application; includeInIndex = 0; path = SwiftUIWeatherDemo.app; sourceTree = BUILT_PRODUCTS_DIR; };
		8665E639268C8944002C6B7F /* SwiftUIWeatherDemoApp.swift */ = {isa = PBXFileReference; lastKnownFileType = sourcecode.swift; path = SwiftUIWeatherDemoApp.swift; sourceTree = "<group>"; };
		8665E63B268C8944002C6B7F /* ContentView.swift */ = {isa = PBXFileReference; lastKnownFileType = sourcecode.swift; path = ContentView.swift; sourceTree = "<group>"; };
		8665E63D268C8945002C6B7F /* Assets.xcassets */ = {isa = PBXFileReference; lastKnownFileType = folder.assetcatalog; path = Assets.xcassets; sourceTree = "<group>"; };
		8665E640268C8945002C6B7F /* Preview Assets.xcassets */ = {isa = PBXFileReference; lastKnownFileType = folder.assetcatalog; path = "Preview Assets.xcassets"; sourceTree = "<group>"; };
		8665E642268C8945002C6B7F /* Info.plist */ = {isa = PBXFileReference; lastKnownFileType = text.plist.xml; path = Info.plist; sourceTree = "<group>"; };
/* End PBXFileReference section */

/* Begin PBXFrameworksBuildPhase section */
		8665E633268C8944002C6B7F /* Frameworks */ = {
			isa = PBXFrameworksBuildPhase;
			buildActionMask = 2147483647;
			files = (
			);
			runOnlyForDeploymentPostprocessing = 0;
		};
/* End PBXFrameworksBuildPhase section */

/* Begin PBXGroup section */
		860A6B3A268CAFCC00B54771 /* View */ = {
			isa = PBXGroup;
			children = (
				860A6B3B268CAFDD00B54771 /* DayOfWeekView.swift */,
				860A6B40268CB00A00B54771 /* BackgroundView.swift */,
				860A6B43268CB02A00B54771 /* CityTextView.swift */,
				860A6B46268CB05200B54771 /* CurrentWeatherView.swift */,
				860A6B49268CB07100B54771 /* WeekWeatherView.swift */,
				860A6B4C268CB08900B54771 /* WeatherButton.swift */,
			);
			path = View;
			sourceTree = "<group>";
		};
		8665E62D268C8944002C6B7F = {
			isa = PBXGroup;
			children = (
				8665E638268C8944002C6B7F /* SwiftUIWeatherDemo */,
				8665E637268C8944002C6B7F /* Products */,
			);
			sourceTree = "<group>";
		};
		8665E637268C8944002C6B7F /* Products */ = {
			isa = PBXGroup;
			children = (
				8665E636268C8944002C6B7F /* SwiftUIWeatherDemo.app */,
			);
			name = Products;
			sourceTree = "<group>";
		};
		8665E638268C8944002C6B7F /* SwiftUIWeatherDemo */ = {
			isa = PBXGroup;
			children = (
				860A6B3A268CAFCC00B54771 /* View */,
				8665E639268C8944002C6B7F /* SwiftUIWeatherDemoApp.swift */,
				8665E63B268C8944002C6B7F /* ContentView.swift */,
				8665E63D268C8945002C6B7F /* Assets.xcassets */,
				8665E642268C8945002C6B7F /* Info.plist */,
				8665E63F268C8945002C6B7F /* Preview Content */,
			);
			path = SwiftUIWeatherDemo;
			sourceTree = "<group>";
		};
		8665E63F268C8945002C6B7F /* Preview Content */ = {
			isa = PBXGroup;
			children = (
				8665E640268C8945002C6B7F /* Preview Assets.xcassets */,
			);
			path = "Preview Content";
			sourceTree = "<group>";
		};
/* End PBXGroup section */

/* Begin PBXNativeTarget section */
		8665E635268C8944002C6B7F /* SwiftUIWeatherDemo */ = {
			isa = PBXNativeTarget;
			buildConfigurationList = 8665E645268C8945002C6B7F /* Build configuration list for PBXNativeTarget "SwiftUIWeatherDemo" */;
			buildPhases = (
				8665E632268C8944002C6B7F /* Sources */,
				8665E633268C8944002C6B7F /* Frameworks */,
				8665E634268C8944002C6B7F /* Resources */,
			);
			buildRules = (
			);
			dependencies = (
			);
			name = SwiftUIWeatherDemo;
			productName = SwiftUIWeatherDemo;
			productReference = 8665E636268C8944002C6B7F /* SwiftUIWeatherDemo.app */;
			productType = "com.apple.product-type.application";
		};
/* End PBXNativeTarget section */

/* Begin PBXProject section */
		8665E62E268C8944002C6B7F /* Project object */ = {
			isa = PBXProject;
			attributes = {
				LastSwiftUpdateCheck = 1220;
				LastUpgradeCheck = 1220;
				TargetAttributes = {
					8665E635268C8944002C6B7F = {
						CreatedOnToolsVersion = 12.2;
					};
				};
			};
			buildConfigurationList = 8665E631268C8944002C6B7F /* Build configuration list for PBXProject "SwiftUIWeatherDemo" */;
			compatibilityVersion = "Xcode 9.3";
			developmentRegion = en;
			hasScannedForEncodings = 0;
			knownRegions = (
				en,
				Base,
			);
			mainGroup = 8665E62D268C8944002C6B7F;
			productRefGroup = 8665E637268C8944002C6B7F /* Products */;
			projectDirPath = "";
			projectRoot = "";
			targets = (
				8665E635268C8944002C6B7F /* SwiftUIWeatherDemo */,
			);
		};
/* End PBXProject section */

/* Begin PBXResourcesBuildPhase section */
		8665E634268C8944002C6B7F /* Resources */ = {
			isa = PBXResourcesBuildPhase;
			buildActionMask = 2147483647;
			files = (
				8665E641268C8945002C6B7F /* Preview Assets.xcassets in Resources */,
				8665E63E268C8945002C6B7F /* Assets.xcassets in Resources */,
			);
			runOnlyForDeploymentPostprocessing = 0;
		};
/* End PBXResourcesBuildPhase section */

/* Begin PBXSourcesBuildPhase section */
		8665E632268C8944002C6B7F /* Sources */ = {
			isa = PBXSourcesBuildPhase;
			buildActionMask = 2147483647;
			files = (
				8665E63C268C8944002C6B7F /* ContentView.swift in Sources */,
				860A6B44268CB02B00B54771 /* CityTextView.swift in Sources */,
				860A6B4D268CB08900B54771 /* WeatherButton.swift in Sources */,
				860A6B3C268CAFDD00B54771 /* DayOfWeekView.swift in Sources */,
				860A6B4A268CB07100B54771 /* WeekWeatherView.swift in Sources */,
				860A6B47268CB05200B54771 /* CurrentWeatherView.swift in Sources */,
				860A6B41268CB00A00B54771 /* BackgroundView.swift in Sources */,
				8665E63A268C8944002C6B7F /* SwiftUIWeatherDemoApp.swift in Sources */,
			);
			runOnlyForDeploymentPostprocessing = 0;
		};
/* End PBXSourcesBuildPhase section */

/* Begin XCBuildConfiguration section */
		8665E643268C8945002C6B7F /* Debug */ = {
			isa = XCBuildConfiguration;
			buildSettings = {
				ALWAYS_SEARCH_USER_PATHS = NO;
				CLANG_ANALYZER_NONNULL = YES;
				CLANG_ANALYZER_NUMBER_OBJECT_CONVERSION = YES_AGGRESSIVE;
				CLANG_CXX_LANGUAGE_STANDARD = "gnu++14";
				CLANG_CXX_LIBRARY = "libc++";
				CLANG_ENABLE_MODULES = YES;
				CLANG_ENABLE_OBJC_ARC = YES;
				CLANG_ENABLE_OBJC_WEAK = YES;
				CLANG_WARN_BLOCK_CAPTURE_AUTORELEASING = YES;
				CLANG_WARN_BOOL_CONVERSION = YES;
				CLANG_WARN_COMMA = YES;
				CLANG_WARN_CONSTANT_CONVERSION = YES;
				CLANG_WARN_DEPRECATED_OBJC_IMPLEMENTATIONS = YES;
				CLANG_WARN_DIRECT_OBJC_ISA_USAGE = YES_ERROR;
				CLANG_WARN_DOCUMENTATION_COMMENTS = YES;
				CLANG_WARN_EMPTY_BODY = YES;
				CLANG_WARN_ENUM_CONVERSION = YES;
				CLANG_WARN_INFINITE_RECURSION = YES;
				CLANG_WARN_INT_CONVERSION = YES;
				CLANG_WARN_NON_LITERAL_NULL_CONVERSION = YES;
				CLANG_WARN_OBJC_IMPLICIT_RETAIN_SELF = YES;
				CLANG_WARN_OBJC_LITERAL_CONVERSION = YES;
				CLANG_WARN_OBJC_ROOT_CLASS = YES_ERROR;
				CLANG_WARN_QUOTED_INCLUDE_IN_FRAMEWORK_HEADER = YES;
				CLANG_WARN_RANGE_LOOP_ANALYSIS = YES;
				CLANG_WARN_STRICT_PROTOTYPES = YES;
				CLANG_WARN_SUSPICIOUS_MOVE = YES;
				CLANG_WARN_UNGUARDED_AVAILABILITY = YES_AGGRESSIVE;
				CLANG_WARN_UNREACHABLE_CODE = YES;
				CLANG_WARN__DUPLICATE_METHOD_MATCH = YES;
				COPY_PHASE_STRIP = NO;
				DEBUG_INFORMATION_FORMAT = dwarf;
				ENABLE_STRICT_OBJC_MSGSEND = YES;
				ENABLE_TESTABILITY = YES;
				GCC_C_LANGUAGE_STANDARD = gnu11;
				GCC_DYNAMIC_NO_PIC = NO;
				GCC_NO_COMMON_BLOCKS = YES;
				GCC_OPTIMIZATION_LEVEL = 0;
				GCC_PREPROCESSOR_DEFINITIONS = (
					"DEBUG=1",
					"$(inherited)",
				);
				GCC_WARN_64_TO_32_BIT_CONVERSION = YES;
				GCC_WARN_ABOUT_RETURN_TYPE = YES_ERROR;
				GCC_WARN_UNDECLARED_SELECTOR = YES;
				GCC_WARN_UNINITIALIZED_AUTOS = YES_AGGRESSIVE;
				GCC_WARN_UNUSED_FUNCTION = YES;
				GCC_WARN_UNUSED_VARIABLE = YES;
				IPHONEOS_DEPLOYMENT_TARGET = 14.2;
				MTL_ENABLE_DEBUG_INFO = INCLUDE_SOURCE;
				MTL_FAST_MATH = YES;
				ONLY_ACTIVE_ARCH = YES;
				SDKROOT = iphoneos;
				SWIFT_ACTIVE_COMPILATION_CONDITIONS = DEBUG;
				SWIFT_OPTIMIZATION_LEVEL = "-Onone";
			};
			name = Debug;
		};
		8665E644268C8945002C6B7F /* Release */ = {
			isa = XCBuildConfiguration;
			buildSettings = {
				ALWAYS_SEARCH_USER_PATHS = NO;
				CLANG_ANALYZER_NONNULL = YES;
				CLANG_ANALYZER_NUMBER_OBJECT_CONVERSION = YES_AGGRESSIVE;
				CLANG_CXX_LANGUAGE_STANDARD = "gnu++14";
				CLANG_CXX_LIBRARY = "libc++";
				CLANG_ENABLE_MODULES = YES;
				CLANG_ENABLE_OBJC_ARC = YES;
				CLANG_ENABLE_OBJC_WEAK = YES;
				CLANG_WARN_BLOCK_CAPTURE_AUTORELEASING = YES;
				CLANG_WARN_BOOL_CONVERSION = YES;
				CLANG_WARN_COMMA = YES;
				CLANG_WARN_CONSTANT_CONVERSION = YES;
				CLANG_WARN_DEPRECATED_OBJC_IMPLEMENTATIONS = YES;
				CLANG_WARN_DIRECT_OBJC_ISA_USAGE = YES_ERROR;
				CLANG_WARN_DOCUMENTATION_COMMENTS = YES;
				CLANG_WARN_EMPTY_BODY = YES;
				CLANG_WARN_ENUM_CONVERSION = YES;
				CLANG_WARN_INFINITE_RECURSION = YES;
				CLANG_WARN_INT_CONVERSION = YES;
				CLANG_WARN_NON_LITERAL_NULL_CONVERSION = YES;
				CLANG_WARN_OBJC_IMPLICIT_RETAIN_SELF = YES;
				CLANG_WARN_OBJC_LITERAL_CONVERSION = YES;
				CLANG_WARN_OBJC_ROOT_CLASS = YES_ERROR;
				CLANG_WARN_QUOTED_INCLUDE_IN_FRAMEWORK_HEADER = YES;
				CLANG_WARN_RANGE_LOOP_ANALYSIS = YES;
				CLANG_WARN_STRICT_PROTOTYPES = YES;
				CLANG_WARN_SUSPICIOUS_MOVE = YES;
				CLANG_WARN_UNGUARDED_AVAILABILITY = YES_AGGRESSIVE;
				CLANG_WARN_UNREACHABLE_CODE = YES;
				CLANG_WARN__DUPLICATE_METHOD_MATCH = YES;
				COPY_PHASE_STRIP = NO;
				DEBUG_INFORMATION_FORMAT = "dwarf-with-dsym";
				ENABLE_NS_ASSERTIONS = NO;
				ENABLE_STRICT_OBJC_MSGSEND = YES;
				GCC_C_LANGUAGE_STANDARD = gnu11;
				GCC_NO_COMMON_BLOCKS = YES;
				GCC_WARN_64_TO_32_BIT_CONVERSION = YES;
				GCC_WARN_ABOUT_RETURN_TYPE = YES_ERROR;
				GCC_WARN_UNDECLARED_SELECTOR = YES;
				GCC_WARN_UNINITIALIZED_AUTOS = YES_AGGRESSIVE;
				GCC_WARN_UNUSED_FUNCTION = YES;
				GCC_WARN_UNUSED_VARIABLE = YES;
				IPHONEOS_DEPLOYMENT_TARGET = 14.2;
				MTL_ENABLE_DEBUG_INFO = NO;
				MTL_FAST_MATH = YES;
				SDKROOT = iphoneos;
				SWIFT_COMPILATION_MODE = wholemodule;
				SWIFT_OPTIMIZATION_LEVEL = "-O";
				VALIDATE_PRODUCT = YES;
			};
			name = Release;
		};
		8665E646268C8945002C6B7F /* Debug */ = {
			isa = XCBuildConfiguration;
			buildSettings = {
				ASSETCATALOG_COMPILER_APPICON_NAME = AppIcon;
				ASSETCATALOG_COMPILER_GLOBAL_ACCENT_COLOR_NAME = AccentColor;
				CODE_SIGN_STYLE = Automatic;
				DEVELOPMENT_ASSET_PATHS = "\"SwiftUIWeatherDemo/Preview Content\"";
				DEVELOPMENT_TEAM = 4DLG5U7G57;
				ENABLE_PREVIEWS = YES;
				INFOPLIST_FILE = SwiftUIWeatherDemo/Info.plist;
				IPHONEOS_DEPLOYMENT_TARGET = 14.0;
				LD_RUNPATH_SEARCH_PATHS = (
					"$(inherited)",
					"@executable_path/Frameworks",
				);
				PRODUCT_BUNDLE_IDENTIFIER = www.home.SwiftUIWeatherDemo;
				PRODUCT_NAME = "$(TARGET_NAME)";
				SWIFT_VERSION = 5.0;
				TARGETED_DEVICE_FAMILY = "1,2";
			};
			name = Debug;
		};
		8665E647268C8945002C6B7F /* Release */ = {
			isa = XCBuildConfiguration;
			buildSettings = {
				ASSETCATALOG_COMPILER_APPICON_NAME = AppIcon;
				ASSETCATALOG_COMPILER_GLOBAL_ACCENT_COLOR_NAME = AccentColor;
				CODE_SIGN_STYLE = Automatic;
				DEVELOPMENT_ASSET_PATHS = "\"SwiftUIWeatherDemo/Preview Content\"";
				DEVELOPMENT_TEAM = 4DLG5U7G57;
				ENABLE_PREVIEWS = YES;
				INFOPLIST_FILE = SwiftUIWeatherDemo/Info.plist;
				IPHONEOS_DEPLOYMENT_TARGET = 14.0;
				LD_RUNPATH_SEARCH_PATHS = (
					"$(inherited)",
					"@executable_path/Frameworks",
				);
				PRODUCT_BUNDLE_IDENTIFIER = www.home.SwiftUIWeatherDemo;
				PRODUCT_NAME = "$(TARGET_NAME)";
				SWIFT_VERSION = 5.0;
				TARGETED_DEVICE_FAMILY = "1,2";
			};
			name = Release;
		};
/* End XCBuildConfiguration section */

/* Begin XCConfigurationList section */
		8665E631268C8944002C6B7F /* Build configuration list for PBXProject "SwiftUIWeatherDemo" */ = {
			isa = XCConfigurationList;
			buildConfigurations = (
				8665E643268C8945002C6B7F /* Debug */,
				8665E644268C8945002C6B7F /* Release */,
			);
			defaultConfigurationIsVisible = 0;
			defaultConfigurationName = Release;
		};
		8665E645268C8945002C6B7F /* Build configuration list for PBXNativeTarget "SwiftUIWeatherDemo" */ = {
			isa = XCConfigurationList;
			buildConfigurations = (
				8665E646268C8945002C6B7F /* Debug */,
				8665E647268C8945002C6B7F /* Release */,
			);
			defaultConfigurationIsVisible = 0;
			defaultConfigurationName = Release;
		};
/* End XCConfigurationList section */
	};
	rootObject = 8665E62E268C8944002C6B7F /* Project object */;
}
